// !$*UTF8*$!
{
	archiveVersion = 1;
	classes = {
	};
	objectVersion = 46;
	objects = {

/* Begin PBXBuildFile section */
		0F3C836A039DBF6BE1F0C049 /* libPods-RestExample.a in Frameworks */ = {isa = PBXBuildFile; fileRef = 380F2C0709B1A5D8CC208794 /* libPods-RestExample.a */; };
		D72444B01B4062B200592126 /* main.m in Sources */ = {isa = PBXBuildFile; fileRef = D72444AF1B4062B200592126 /* main.m */; };
		D72444B31B4062B200592126 /* AppDelegate.m in Sources */ = {isa = PBXBuildFile; fileRef = D72444B21B4062B200592126 /* AppDelegate.m */; };
		D72444B61B4062B200592126 /* ViewController.m in Sources */ = {isa = PBXBuildFile; fileRef = D72444B51B4062B200592126 /* ViewController.m */; };
		D72444B91B4062B200592126 /* Main.storyboard in Resources */ = {isa = PBXBuildFile; fileRef = D72444B71B4062B200592126 /* Main.storyboard */; };
		D72444BB1B4062B200592126 /* Assets.xcassets in Resources */ = {isa = PBXBuildFile; fileRef = D72444BA1B4062B200592126 /* Assets.xcassets */; };
		D72444BE1B4062B200592126 /* LaunchScreen.storyboard in Resources */ = {isa = PBXBuildFile; fileRef = D72444BC1B4062B200592126 /* LaunchScreen.storyboard */; };
		D72444CB1B406FA000592126 /* RestService.m in Sources */ = {isa = PBXBuildFile; fileRef = D72444C81B406FA000592126 /* RestService.m */; };
		D72444CC1B406FA000592126 /* RestServiceAsync.m in Sources */ = {isa = PBXBuildFile; fileRef = D72444CA1B406FA000592126 /* RestServiceAsync.m */; };
/* End PBXBuildFile section */

/* Begin PBXFileReference section */
		380F2C0709B1A5D8CC208794 /* libPods-RestExample.a */ = {isa = PBXFileReference; explicitFileType = archive.ar; includeInIndex = 0; path = "libPods-RestExample.a"; sourceTree = BUILT_PRODUCTS_DIR; };
		50D5995E6DDF944BC5708C73 /* Pods-RestExample.release.xcconfig */ = {isa = PBXFileReference; includeInIndex = 1; lastKnownFileType = text.xcconfig; name = "Pods-RestExample.release.xcconfig"; path = "Pods/Target Support Files/Pods-RestExample/Pods-RestExample.release.xcconfig"; sourceTree = "<group>"; };
		6FF45DE6AF525CDEAEF97458 /* Pods-RestExample.debug.xcconfig */ = {isa = PBXFileReference; includeInIndex = 1; lastKnownFileType = text.xcconfig; name = "Pods-RestExample.debug.xcconfig"; path = "Pods/Target Support Files/Pods-RestExample/Pods-RestExample.debug.xcconfig"; sourceTree = "<group>"; };
		D72444AB1B4062B200592126 /* RestExample.app */ = {isa = PBXFileReference; explicitFileType = wrapper.application; includeInIndex = 0; path = RestExample.app; sourceTree = BUILT_PRODUCTS_DIR; };
		D72444AF1B4062B200592126 /* main.m */ = {isa = PBXFileReference; lastKnownFileType = sourcecode.c.objc; path = main.m; sourceTree = "<group>"; };
		D72444B11B4062B200592126 /* AppDelegate.h */ = {isa = PBXFileReference; lastKnownFileType = sourcecode.c.h; path = AppDelegate.h; sourceTree = "<group>"; };
		D72444B21B4062B200592126 /* AppDelegate.m */ = {isa = PBXFileReference; lastKnownFileType = sourcecode.c.objc; path = AppDelegate.m; sourceTree = "<group>"; };
		D72444B41B4062B200592126 /* ViewController.h */ = {isa = PBXFileReference; lastKnownFileType = sourcecode.c.h; path = ViewController.h; sourceTree = "<group>"; };
		D72444B51B4062B200592126 /* ViewController.m */ = {isa = PBXFileReference; lastKnownFileType = sourcecode.c.objc; path = ViewController.m; sourceTree = "<group>"; };
		D72444B81B4062B200592126 /* Base */ = {isa = PBXFileReference; lastKnownFileType = file.storyboard; name = Base; path = Base.lproj/Main.storyboard; sourceTree = "<group>"; };
		D72444BA1B4062B200592126 /* Assets.xcassets */ = {isa = PBXFileReference; lastKnownFileType = folder.assetcatalog; path = Assets.xcassets; sourceTree = "<group>"; };
		D72444BD1B4062B200592126 /* Base */ = {isa = PBXFileReference; lastKnownFileType = file.storyboard; name = Base; path = Base.lproj/LaunchScreen.storyboard; sourceTree = "<group>"; };
		D72444BF1B4062B200592126 /* Info.plist */ = {isa = PBXFileReference; lastKnownFileType = text.plist.xml; path = Info.plist; sourceTree = "<group>"; };
		D72444C61B406FA000592126 /* IRestServiceProtocol.h */ = {isa = PBXFileReference; fileEncoding = 4; lastKnownFileType = sourcecode.c.h; path = IRestServiceProtocol.h; sourceTree = "<group>"; };
		D72444C71B406FA000592126 /* RestService.h */ = {isa = PBXFileReference; fileEncoding = 4; lastKnownFileType = sourcecode.c.h; path = RestService.h; sourceTree = "<group>"; };
		D72444C81B406FA000592126 /* RestService.m */ = {isa = PBXFileReference; fileEncoding = 4; lastKnownFileType = sourcecode.c.objc; path = RestService.m; sourceTree = "<group>"; };
		D72444C91B406FA000592126 /* RestServiceAsync.h */ = {isa = PBXFileReference; fileEncoding = 4; lastKnownFileType = sourcecode.c.h; path = RestServiceAsync.h; sourceTree = "<group>"; };
		D72444CA1B406FA000592126 /* RestServiceAsync.m */ = {isa = PBXFileReference; fileEncoding = 4; lastKnownFileType = sourcecode.c.objc; path = RestServiceAsync.m; sourceTree = "<group>"; };
		D7D6627A1B4074EB00F72FA1 /* IMessageRepresentationHandler.h */ = {isa = PBXFileReference; fileEncoding = 4; lastKnownFileType = sourcecode.c.h; path = IMessageRepresentationHandler.h; sourceTree = "<group>"; };
/* End PBXFileReference section */

/* Begin PBXFrameworksBuildPhase section */
		D72444A81B4062B200592126 /* Frameworks */ = {
			isa = PBXFrameworksBuildPhase;
			buildActionMask = 2147483647;
			files = (
				0F3C836A039DBF6BE1F0C049 /* libPods-RestExample.a in Frameworks */,
			);
			runOnlyForDeploymentPostprocessing = 0;
		};
/* End PBXFrameworksBuildPhase section */

/* Begin PBXGroup section */
		2FA60327DBF6883D5E7AE195 /* Frameworks */ = {
			isa = PBXGroup;
			children = (
				380F2C0709B1A5D8CC208794 /* libPods-RestExample.a */,
			);
			name = Frameworks;
			sourceTree = "<group>";
		};
		84A8CE289D650745A3DE9D1D /* Pods */ = {
			isa = PBXGroup;
			children = (
				6FF45DE6AF525CDEAEF97458 /* Pods-RestExample.debug.xcconfig */,
				50D5995E6DDF944BC5708C73 /* Pods-RestExample.release.xcconfig */,
			);
			name = Pods;
			sourceTree = "<group>";
		};
		D72444A21B4062B200592126 = {
			isa = PBXGroup;
			children = (
				D72444AD1B4062B200592126 /* RestExample */,
				D72444AC1B4062B200592126 /* Products */,
				84A8CE289D650745A3DE9D1D /* Pods */,
				2FA60327DBF6883D5E7AE195 /* Frameworks */,
			);
			sourceTree = "<group>";
		};
		D72444AC1B4062B200592126 /* Products */ = {
			isa = PBXGroup;
			children = (
				D72444AB1B4062B200592126 /* RestExample.app */,
			);
			name = Products;
			sourceTree = "<group>";
		};
		D72444AD1B4062B200592126 /* RestExample */ = {
			isa = PBXGroup;
			children = (
				D72444C51B406F8200592126 /* Rest */,
				D72444B11B4062B200592126 /* AppDelegate.h */,
				D72444B21B4062B200592126 /* AppDelegate.m */,
				D72444B41B4062B200592126 /* ViewController.h */,
				D72444B51B4062B200592126 /* ViewController.m */,
				D72444B71B4062B200592126 /* Main.storyboard */,
				D72444BA1B4062B200592126 /* Assets.xcassets */,
				D72444BC1B4062B200592126 /* LaunchScreen.storyboard */,
				D72444BF1B4062B200592126 /* Info.plist */,
				D72444AE1B4062B200592126 /* Supporting Files */,
			);
			path = RestExample;
			sourceTree = "<group>";
		};
		D72444AE1B4062B200592126 /* Supporting Files */ = {
			isa = PBXGroup;
			children = (
				D72444AF1B4062B200592126 /* main.m */,
			);
			name = "Supporting Files";
			sourceTree = "<group>";
		};
		D72444C51B406F8200592126 /* Rest */ = {
			isa = PBXGroup;
			children = (
				D7D662791B40749700F72FA1 /* protocol */,
				D72444C71B406FA000592126 /* RestService.h */,
				D72444C81B406FA000592126 /* RestService.m */,
				D72444C91B406FA000592126 /* RestServiceAsync.h */,
				D72444CA1B406FA000592126 /* RestServiceAsync.m */,
			);
			name = Rest;
			sourceTree = "<group>";
		};
		D7D662791B40749700F72FA1 /* protocol */ = {
			isa = PBXGroup;
			children = (
				D7D6627A1B4074EB00F72FA1 /* IMessageRepresentationHandler.h */,
				D72444C61B406FA000592126 /* IRestServiceProtocol.h */,
			);
			name = protocol;
			sourceTree = "<group>";
		};
/* End PBXGroup section */

/* Begin PBXNativeTarget section */
		D72444AA1B4062B200592126 /* RestExample */ = {
			isa = PBXNativeTarget;
			buildConfigurationList = D72444C21B4062B200592126 /* Build configuration list for PBXNativeTarget "RestExample" */;
			buildPhases = (
				CA903DFFEE7AAC54CD9933CF /* Check Pods Manifest.lock */,
				D72444A71B4062B200592126 /* Sources */,
				D72444A81B4062B200592126 /* Frameworks */,
				D72444A91B4062B200592126 /* Resources */,
				7FCE7C097ACBBD20BA25C2BA /* Copy Pods Resources */,
			);
			buildRules = (
			);
			dependencies = (
			);
			name = RestExample;
			productName = RestExample;
			productReference = D72444AB1B4062B200592126 /* RestExample.app */;
			productType = "com.apple.product-type.application";
		};
/* End PBXNativeTarget section */

/* Begin PBXProject section */
		D72444A31B4062B200592126 /* Project object */ = {
			isa = PBXProject;
			attributes = {
				LastUpgradeCheck = 0700;
				ORGANIZATIONNAME = Vimo;
				TargetAttributes = {
					D72444AA1B4062B200592126 = {
						CreatedOnToolsVersion = 7.0;
					};
				};
			};
			buildConfigurationList = D72444A61B4062B200592126 /* Build configuration list for PBXProject "RestExample" */;
			compatibilityVersion = "Xcode 3.2";
			developmentRegion = English;
			hasScannedForEncodings = 0;
			knownRegions = (
				en,
				Base,
			);
			mainGroup = D72444A21B4062B200592126;
			productRefGroup = D72444AC1B4062B200592126 /* Products */;
			projectDirPath = "";
			projectRoot = "";
			targets = (
				D72444AA1B4062B200592126 /* RestExample */,
			);
		};
/* End PBXProject section */

/* Begin PBXResourcesBuildPhase section */
		D72444A91B4062B200592126 /* Resources */ = {
			isa = PBXResourcesBuildPhase;
			buildActionMask = 2147483647;
			files = (
				D72444BE1B4062B200592126 /* LaunchScreen.storyboard in Resources */,
				D72444BB1B4062B200592126 /* Assets.xcassets in Resources */,
				D72444B91B4062B200592126 /* Main.storyboard in Resources */,
			);
			runOnlyForDeploymentPostprocessing = 0;
		};
/* End PBXResourcesBuildPhase section */

/* Begin PBXShellScriptBuildPhase section */
		7FCE7C097ACBBD20BA25C2BA /* Copy Pods Resources */ = {
			isa = PBXShellScriptBuildPhase;
			buildActionMask = 2147483647;
			files = (
			);
			inputPaths = (
			);
			name = "Copy Pods Resources";
			outputPaths = (
			);
			runOnlyForDeploymentPostprocessing = 0;
			shellPath = /bin/sh;
			shellScript = "\"${SRCROOT}/Pods/Target Support Files/Pods-RestExample/Pods-RestExample-resources.sh\"\n";
			showEnvVarsInLog = 0;
		};
		CA903DFFEE7AAC54CD9933CF /* Check Pods Manifest.lock */ = {
			isa = PBXShellScriptBuildPhase;
			buildActionMask = 2147483647;
			files = (
			);
			inputPaths = (
			);
			name = "Check Pods Manifest.lock";
			outputPaths = (
			);
			runOnlyForDeploymentPostprocessing = 0;
			shellPath = /bin/sh;
			shellScript = "diff \"${PODS_ROOT}/../Podfile.lock\" \"${PODS_ROOT}/Manifest.lock\" > /dev/null\nif [[ $? != 0 ]] ; then\n    cat << EOM\nerror: The sandbox is not in sync with the Podfile.lock. Run 'pod install' or update your CocoaPods installation.\nEOM\n    exit 1\nfi\n";
			showEnvVarsInLog = 0;
		};
/* End PBXShellScriptBuildPhase section */

/* Begin PBXSourcesBuildPhase section */
		D72444A71B4062B200592126 /* Sources */ = {
			isa = PBXSourcesBuildPhase;
			buildActionMask = 2147483647;
			files = (
				D72444B61B4062B200592126 /* ViewController.m in Sources */,
				D72444B31B4062B200592126 /* AppDelegate.m in Sources */,
				D72444B01B4062B200592126 /* main.m in Sources */,
				D72444CC1B406FA000592126 /* RestServiceAsync.m in Sources */,
				D72444CB1B406FA000592126 /* RestService.m in Sources */,
			);
			runOnlyForDeploymentPostprocessing = 0;
		};
/* End PBXSourcesBuildPhase section */

/* Begin PBXVariantGroup section */
		D72444B71B4062B200592126 /* Main.storyboard */ = {
			isa = PBXVariantGroup;
			children = (
				D72444B81B4062B200592126 /* Base */,
			);
			name = Main.storyboard;
			sourceTree = "<group>";
		};
		D72444BC1B4062B200592126 /* LaunchScreen.storyboard */ = {
			isa = PBXVariantGroup;
			children = (
				D72444BD1B4062B200592126 /* Base */,
			);
			name = LaunchScreen.storyboard;
			sourceTree = "<group>";
		};
/* End PBXVariantGroup section */

/* Begin XCBuildConfiguration section */
		D72444C01B4062B200592126 /* Debug */ = {
			isa = XCBuildConfiguration;
			buildSettings = {
				ALWAYS_SEARCH_USER_PATHS = NO;
				CLANG_CXX_LANGUAGE_STANDARD = "gnu++0x";
				CLANG_CXX_LIBRARY = "libc++";
				CLANG_ENABLE_MODULES = YES;
				CLANG_ENABLE_OBJC_ARC = YES;
				CLANG_WARN_BOOL_CONVERSION = YES;
				CLANG_WARN_CONSTANT_CONVERSION = YES;
				CLANG_WARN_DIRECT_OBJC_ISA_USAGE = YES_ERROR;
				CLANG_WARN_EMPTY_BODY = YES;
				CLANG_WARN_ENUM_CONVERSION = YES;
				CLANG_WARN_INT_CONVERSION = YES;
				CLANG_WARN_OBJC_ROOT_CLASS = YES_ERROR;
				CLANG_WARN_UNREACHABLE_CODE = YES;
				CLANG_WARN__DUPLICATE_METHOD_MATCH = YES;
				"CODE_SIGN_IDENTITY[sdk=iphoneos*]" = "iPhone Developer";
				COPY_PHASE_STRIP = NO;
				DEBUG_INFORMATION_FORMAT = dwarf;
				ENABLE_STRICT_OBJC_MSGSEND = YES;
				ENABLE_TESTABILITY = YES;
				GCC_C_LANGUAGE_STANDARD = gnu99;
				GCC_DYNAMIC_NO_PIC = NO;
				GCC_NO_COMMON_BLOCKS = YES;
				GCC_OPTIMIZATION_LEVEL = 0;
				GCC_PREPROCESSOR_DEFINITIONS = (
					"DEBUG=1",
					"$(inherited)",
				);
				GCC_WARN_64_TO_32_BIT_CONVERSION = YES;
				GCC_WARN_ABOUT_RETURN_TYPE = YES_ERROR;
				GCC_WARN_UNDECLARED_SELECTOR = YES;
				GCC_WARN_UNINITIALIZED_AUTOS = YES_AGGRESSIVE;
				GCC_WARN_UNUSED_FUNCTION = YES;
				GCC_WARN_UNUSED_VARIABLE = YES;
				IPHONEOS_DEPLOYMENT_TARGET = 9.0;
				MTL_ENABLE_DEBUG_INFO = YES;
				ONLY_ACTIVE_ARCH = YES;
				SDKROOT = iphoneos;
			};
			name = Debug;
		};
		D72444C11B4062B200592126 /* Release */ = {
			isa = XCBuildConfiguration;
			buildSettings = {
				ALWAYS_SEARCH_USER_PATHS = NO;
				CLANG_CXX_LANGUAGE_STANDARD = "gnu++0x";
				CLANG_CXX_LIBRARY = "libc++";
				CLANG_ENABLE_MODULES = YES;
				CLANG_ENABLE_OBJC_ARC = YES;
				CLANG_WARN_BOOL_CONVERSION = YES;
				CLANG_WARN_CONSTANT_CONVERSION = YES;
				CLANG_WARN_DIRECT_OBJC_ISA_USAGE = YES_ERROR;
				CLANG_WARN_EMPTY_BODY = YES;
				CLANG_WARN_ENUM_CONVERSION = YES;
				CLANG_WARN_INT_CONVERSION = YES;
				CLANG_WARN_OBJC_ROOT_CLASS = YES_ERROR;
				CLANG_WARN_UNREACHABLE_CODE = YES;
				CLANG_WARN__DUPLICATE_METHOD_MATCH = YES;
				"CODE_SIGN_IDENTITY[sdk=iphoneos*]" = "iPhone Developer";
				COPY_PHASE_STRIP = NO;
				DEBUG_INFORMATION_FORMAT = "dwarf-with-dsym";
				ENABLE_NS_ASSERTIONS = NO;
				ENABLE_STRICT_OBJC_MSGSEND = YES;
				GCC_C_LANGUAGE_STANDARD = gnu99;
				GCC_NO_COMMON_BLOCKS = YES;
				GCC_WARN_64_TO_32_BIT_CONVERSION = YES;
				GCC_WARN_ABOUT_RETURN_TYPE = YES_ERROR;
				GCC_WARN_UNDECLARED_SELECTOR = YES;
				GCC_WARN_UNINITIALIZED_AUTOS = YES_AGGRESSIVE;
				GCC_WARN_UNUSED_FUNCTION = YES;
				GCC_WARN_UNUSED_VARIABLE = YES;
				IPHONEOS_DEPLOYMENT_TARGET = 9.0;
				MTL_ENABLE_DEBUG_INFO = NO;
				SDKROOT = iphoneos;
				VALIDATE_PRODUCT = YES;
			};
			name = Release;
		};
		D72444C31B4062B200592126 /* Debug */ = {
			isa = XCBuildConfiguration;
			baseConfigurationReference = 6FF45DE6AF525CDEAEF97458 /* Pods-RestExample.debug.xcconfig */;
			buildSettings = {
				ASSETCATALOG_COMPILER_APPICON_NAME = AppIcon;
				INFOPLIST_FILE = RestExample/Info.plist;
				LD_RUNPATH_SEARCH_PATHS = "$(inherited) @executable_path/Frameworks";
				PRODUCT_BUNDLE_IDENTIFIER = co.vimo.RestExample;
				PRODUCT_NAME = "$(TARGET_NAME)";
			};
			name = Debug;
		};
		D72444C41B4062B200592126 /* Release */ = {
			isa = XCBuildConfiguration;
			baseConfigurationReference = 50D5995E6DDF944BC5708C73 /* Pods-RestExample.release.xcconfig */;
			buildSettings = {
				ASSETCATALOG_COMPILER_APPICON_NAME = AppIcon;
				INFOPLIST_FILE = RestExample/Info.plist;
				LD_RUNPATH_SEARCH_PATHS = "$(inherited) @executable_path/Frameworks";
				PRODUCT_BUNDLE_IDENTIFIER = co.vimo.RestExample;
				PRODUCT_NAME = "$(TARGET_NAME)";
			};
			name = Release;
		};
/* End XCBuildConfiguration section */

/* Begin XCConfigurationList section */
		D72444A61B4062B200592126 /* Build configuration list for PBXProject "RestExample" */ = {
			isa = XCConfigurationList;
			buildConfigurations = (
				D72444C01B4062B200592126 /* Debug */,
				D72444C11B4062B200592126 /* Release */,
			);
			defaultConfigurationIsVisible = 0;
			defaultConfigurationName = Release;
		};
		D72444C21B4062B200592126 /* Build configuration list for PBXNativeTarget "RestExample" */ = {
			isa = XCConfigurationList;
			buildConfigurations = (
				D72444C31B4062B200592126 /* Debug */,
				D72444C41B4062B200592126 /* Release */,
			);
			defaultConfigurationIsVisible = 0;
			defaultConfigurationName = Release;
		};
/* End XCConfigurationList section */
	};
	rootObject = D72444A31B4062B200592126 /* Project object */;
}
